<?xml version="1.0" encoding="utf-8"?>
<Project ToolsVersion="4.0" xmlns="http://schemas.microsoft.com/developer/msbuild/2003">
  <ItemGroup>
    <Filter Include="Исходные файлы">
      <UniqueIdentifier>{4FC737F1-C7A5-4376-A066-2A32D752A2FF}</UniqueIdentifier>
      <Extensions>cpp;c;cc;cxx;c++;cppm;ixx;def;odl;idl;hpj;bat;asm;asmx</Extensions>
    </Filter>
    <Filter Include="Файлы заголовков">
      <UniqueIdentifier>{93995380-89BD-4b04-88EB-625FBE52EBFB}</UniqueIdentifier>
      <Extensions>h;hh;hpp;hxx;h++;hm;inl;inc;ipp;xsd</Extensions>
    </Filter>
    <Filter Include="Файлы ресурсов">
      <UniqueIdentifier>{67DA6AB6-F800-4c08-8B7A-83BB121AAD01}</UniqueIdentifier>
      <Extensions>rc;ico;cur;bmp;dlg;rc2;rct;bin;rgs;gif;jpg;jpeg;jpe;resx;tiff;tif;png;wav;mfcribbon-ms</Extensions>
    </Filter>
  </ItemGroup>
  <ItemGroup>
    <ClInclude Include="solver\AdvectionEq1DSolvers.h">
      <Filter>Файлы заголовков</Filter>
    </ClInclude>
    <ClInclude Include="solver\BoltzmannEq1DSolvers.h">
      <Filter>Файлы заголовков</Filter>
    </ClInclude>
    <ClInclude Include="solver\Fluxes.h">
      <Filter>Файлы заголовков</Filter>
    </ClInclude>
    <ClInclude Include="solver\MonotoneFluxes.h">
      <Filter>Файлы заголовков</Filter>
    </ClInclude>
    <ClInclude Include="utils\AdditionalMath.h">
      <Filter>Исходные файлы</Filter>
    </ClInclude>
    <ClInclude Include="utils\Interpolation.h">
      <Filter>Исходные файлы</Filter>
    </ClInclude>
    <ClInclude Include="utils\Norma.h">
      <Filter>Исходные файлы</Filter>
    </ClInclude>
    <ClInclude Include="utils\rkMethods.h">
      <Filter>Исходные файлы</Filter>
    </ClInclude>
    <ClInclude Include="utils\rkMethodTests.h">
      <Filter>Исходные файлы</Filter>
    </ClInclude>
    <ClInclude Include="utils\VectorOperations.h">
      <Filter>Исходные файлы</Filter>
    </ClInclude>
    <ClInclude Include="interface\HyperbolicFileInterface.h">
      <Filter>Файлы заголовков</Filter>
    </ClInclude>
    <ClInclude Include="include\json\json.h">
      <Filter>Файлы заголовков</Filter>
    </ClInclude>
    <ClInclude Include="include\json\json-forwards.h">
      <Filter>Файлы заголовков</Filter>
    </ClInclude>
    <ClInclude Include="utils\Integration.h">
      <Filter>Файлы заголовков</Filter>
    </ClInclude>
    <ClInclude Include="solver\Mkt.h">
      <Filter>Файлы заголовков</Filter>
    </ClInclude>
    <ClInclude Include="interface\MacroparametersFileInterface.h">
      <Filter>Файлы заголовков</Filter>
    </ClInclude>
  </ItemGroup>
  <ItemGroup>
    <ClCompile Include="solver\main.cpp">
      <Filter>Файлы заголовков</Filter>
    </ClCompile>
    <ClCompile Include="utils\Norma.cpp">
      <Filter>Исходные файлы</Filter>
    </ClCompile>
    <ClCompile Include="include\json\jsoncpp.cpp">
      <Filter>Исходные файлы</Filter>
    </ClCompile>
  </ItemGroup>
</Project>